
Microsoft Visual Studio Solution File, Format Version 12.00
# Visual Studio Version 17
VisualStudioVersion = 17.2.32210.308
MinimumVisualStudioVersion = 10.0.40219.1
Project("{FAE04EC0-301F-11D3-BF4B-00C04F79EFBC}") = "VolumeVibrationConsoleApp", "VolumeVibrationConsoleApp\VolumeVibrationConsoleApp.csproj", "{CF51350F-E702-46D3-BF99-B8062373AB77}"
EndProject
Global
	GlobalSection(SolutionConfigurationPlatforms) = preSolution
		Debug|Any CPU = Debug|Any CPU
		Release|Any CPU = Release|Any CPU
	EndGlobalSection
	GlobalSection(ProjectConfigurationPlatforms) = postSolution
		{CF51350F-E702-46D3-BF99-B8062373AB77}.Debug|Any CPU.ActiveCfg = Debug|Any CPU
		{CF51350F-E702-46D3-BF99-B8062373AB77}.Debug|Any CPU.Build.0 = Debug|Any CPU
		{CF51350F-E702-46D3-BF99-B8062373AB77}.Release|Any CPU.ActiveCfg = Release|Any CPU
		{CF51350F-E702-46D3-BF99-B8062373AB77}.Release|Any CPU.Build.0 = Release|Any CPU
	EndGlobalSection
	GlobalSection(SolutionProperties) = preSolution
		HideSolutionNode = FALSE
	EndGlobalSection
	GlobalSection(ExtensibilityGlobals) = postSolution
		SolutionGuid = {FDFFA281-1AA7-4753-BAD5-C1DB97F12036}
	EndGlobalSection
EndGlobal
